{
  "version": 4,
  "terraform_version": "1.5.5",
  "serial": 44,
  "lineage": "22b9242b-dbfd-7a47-3239-3a6d646d08ec",
  "outputs": {},
  "resources": [
    {
      "module": "module.db.module.db_option_group",
      "mode": "managed",
      "type": "aws_db_option_group",
      "name": "this",
      "provider": "provider[\"registry.terraform.io/hashicorp/aws\"]",
      "instances": [
        {
          "index_key": 0,
          "schema_version": 0,
          "attributes": {
            "arn": "arn:aws:rds:us-east-1:931271008204:og:demodb-20230820092834606000000002",
            "engine_name": "mysql",
            "id": "demodb-20230820092834606000000002",
            "major_engine_version": "5.7",
            "name": "demodb-20230820092834606000000002",
            "name_prefix": "demodb-",
            "option": [
              {
                "db_security_group_memberships": [],
                "option_name": "MARIADB_AUDIT_PLUGIN",
                "option_settings": [
                  {
                    "name": "SERVER_AUDIT_EVENTS",
                    "value": "CONNECT"
                  },
                  {
                    "name": "SERVER_AUDIT_FILE_ROTATIONS",
                    "value": "37"
                  }
                ],
                "port": 0,
                "version": "",
                "vpc_security_group_memberships": []
              }
            ],
            "option_group_description": "demodb option group",
            "tags": {
              "Environment": "dev",
              "Name": "demodb",
              "Owner": "user"
            },
            "tags_all": {
              "Environment": "dev",
              "Name": "demodb",
              "Owner": "user"
            },
            "timeouts": {
              "delete": null
            }
          },
          "sensitive_attributes": [],
          "private": "eyJlMmJmYjczMC1lY2FhLTExZTYtOGY4OC0zNDM2M2JjN2M0YzAiOnsiZGVsZXRlIjo5MDAwMDAwMDAwMDB9fQ==",
          "create_before_destroy": true
        }
      ]
    }
  ],
  "check_results": null
}
